
Microsoft Visual Studio Solution File, Format Version 12.00
# Visual Studio Version 17
VisualStudioVersion = 17.4.33110.190
MinimumVisualStudioVersion = 10.0.40219.1
Project("{8BC9CEB8-8B4A-11D0-8D11-00A0C91BC942}") = "03_inheritance", "03_inheritance\03_inheritance.vcxproj", "{470B61BA-B6F3-43FD-A351-243E59CEE1F3}"
EndProject
Project("{8BC9CEB8-8B4A-11D0-8D11-00A0C91BC942}") = "04_inh_specificators", "04_inh_specificators\04_inh_specificators.vcxproj", "{41F0ADA7-AAF5-429D-A9B2-69E0F34A6498}"
EndProject
Global
	GlobalSection(SolutionConfigurationPlatforms) = preSolution
		Debug|x64 = Debug|x64
		Debug|x86 = Debug|x86
		Release|x64 = Release|x64
		Release|x86 = Release|x86
	EndGlobalSection
	GlobalSection(ProjectConfigurationPlatforms) = postSolution
		{470B61BA-B6F3-43FD-A351-243E59CEE1F3}.Debug|x64.ActiveCfg = Debug|x64
		{470B61BA-B6F3-43FD-A351-243E59CEE1F3}.Debug|x64.Build.0 = Debug|x64
		{470B61BA-B6F3-43FD-A351-243E59CEE1F3}.Debug|x86.ActiveCfg = Debug|Win32
		{470B61BA-B6F3-43FD-A351-243E59CEE1F3}.Debug|x86.Build.0 = Debug|Win32
		{470B61BA-B6F3-43FD-A351-243E59CEE1F3}.Release|x64.ActiveCfg = Release|x64
		{470B61BA-B6F3-43FD-A351-243E59CEE1F3}.Release|x64.Build.0 = Release|x64
		{470B61BA-B6F3-43FD-A351-243E59CEE1F3}.Release|x86.ActiveCfg = Release|Win32
		{470B61BA-B6F3-43FD-A351-243E59CEE1F3}.Release|x86.Build.0 = Release|Win32
		{41F0ADA7-AAF5-429D-A9B2-69E0F34A6498}.Debug|x64.ActiveCfg = Debug|x64
		{41F0ADA7-AAF5-429D-A9B2-69E0F34A6498}.Debug|x64.Build.0 = Debug|x64
		{41F0ADA7-AAF5-429D-A9B2-69E0F34A6498}.Debug|x86.ActiveCfg = Debug|Win32
		{41F0ADA7-AAF5-429D-A9B2-69E0F34A6498}.Debug|x86.Build.0 = Debug|Win32
		{41F0ADA7-AAF5-429D-A9B2-69E0F34A6498}.Release|x64.ActiveCfg = Release|x64
		{41F0ADA7-AAF5-429D-A9B2-69E0F34A6498}.Release|x64.Build.0 = Release|x64
		{41F0ADA7-AAF5-429D-A9B2-69E0F34A6498}.Release|x86.ActiveCfg = Release|Win32
		{41F0ADA7-AAF5-429D-A9B2-69E0F34A6498}.Release|x86.Build.0 = Release|Win32
	EndGlobalSection
	GlobalSection(SolutionProperties) = preSolution
		HideSolutionNode = FALSE
	EndGlobalSection
	GlobalSection(ExtensibilityGlobals) = postSolution
		SolutionGuid = {5230C0FB-404D-425B-8C20-A882451A2951}
	EndGlobalSection
EndGlobal
